{
  "version": 4,
  "terraform_version": "1.2.7",
  "serial": 16,
  "lineage": "b1ff7183-8ecc-aaad-06d5-0aedb843acf3",
  "outputs": {},
  "resources": [
    {
      "mode": "managed",
      "type": "google_compute_project_metadata",
      "name": "metadata",
      "provider": "provider[\"registry.terraform.io/hashicorp/google\"]",
      "instances": [
        {
          "schema_version": 0,
          "attributes": {
            "id": "core-337701",
            "metadata": {
              "ssh-keys": "terraform:ssh-rsa AAAAB3NzaC1yc2EAAAADAQABAAABgQDH7GltxAbuv18fNiak6OL06Pg+B+MvDfDj8bXYauy2CdsM5g0A6wLLGrnqTvlaEZ+h0aVDFPwi9+Htkqp8uEC0E47+MckDt92ZhXkEozYsDU/eUkI9BjxX3mSuRJ36WizG5Fe/8h2/kGeQsBIgdHMepHWVw5lvsHUsVJDItigxJcknRWWfjus/tlBP+i9yDHilPhZXQWneW+sa2IW5h3QT64A8QJWkyUILlzkYxKqnhHm93DV2b5V4ofIvvBzpjolSDGjDzMyxIzkCOyuSGxVQgdgq45VhpOWywkf50SL5jJHBs61p6GBsM75opW0NVTLouFohd+rcA6vPva2U+t3pUYTZMCSxh5oe+HG2Q5O4U36b51UMApnUJF4UhovdsIFatV0mFWSECKHGxmH6pluJMTXSNaT+azDtm34Dk89sEDCVnqdWcjQywfZ70pvAQvXvauvOg0FluLkpL3WxFqc+poBR0/9qLO+0+q5dNF81vWUzoZ7Tq2BCRtatn0Dl4Ck="
            },
            "project": "core-337701",
            "timeouts": null
          },
          "sensitive_attributes": [],
          "private": "eyJlMmJmYjczMC1lY2FhLTExZTYtOGY4OC0zNDM2M2JjN2M0YzAiOnsiY3JlYXRlIjoyNDAwMDAwMDAwMDAsImRlbGV0ZSI6MjQwMDAwMDAwMDAwfX0="
        }
      ]
    },
    {
      "mode": "managed",
      "type": "random_string",
      "name": "random",
      "provider": "provider[\"registry.terraform.io/hashicorp/random\"]",
      "instances": [
        {
          "schema_version": 2,
          "attributes": {
            "id": "hx99fj3z",
            "keepers": null,
            "length": 8,
            "lower": true,
            "min_lower": 0,
            "min_numeric": 0,
            "min_special": 0,
            "min_upper": 0,
            "number": true,
            "numeric": true,
            "override_special": null,
            "result": "hx99fj3z",
            "special": false,
            "upper": false
          },
          "sensitive_attributes": []
        }
      ]
    },
    {
      "module": "module.aaa_cluster_aaa",
      "mode": "data",
      "type": "google_compute_zones",
      "name": "zones",
      "provider": "provider[\"registry.terraform.io/hashicorp/google\"]",
      "instances": [
        {
          "schema_version": 0,
          "attributes": {
            "id": "projects/core-337701/regions/europe-central2",
            "names": [
              "europe-central2-a",
              "europe-central2-b",
              "europe-central2-c"
            ],
            "project": "core-337701",
            "region": "europe-central2",
            "status": null
          },
          "sensitive_attributes": []
        }
      ]
    },
    {
      "module": "module.aaa_cluster_aaa",
      "mode": "managed",
      "type": "google_compute_network",
      "name": "network",
      "provider": "provider[\"registry.terraform.io/hashicorp/google\"]",
      "instances": [
        {
          "schema_version": 0,
          "attributes": {
            "auto_create_subnetworks": false,
            "delete_default_routes_on_create": false,
            "description": "",
            "enable_ula_internal_ipv6": false,
            "gateway_ipv4": "",
            "id": "projects/core-337701/global/networks/ahx99fj3z-network",
            "internal_ipv6_range": "",
            "mtu": 0,
            "name": "ahx99fj3z-network",
            "project": "core-337701",
            "routing_mode": "REGIONAL",
            "self_link": "https://www.googleapis.com/compute/v1/projects/core-337701/global/networks/ahx99fj3z-network",
            "timeouts": null
          },
          "sensitive_attributes": [],
          "private": "eyJlMmJmYjczMC1lY2FhLTExZTYtOGY4OC0zNDM2M2JjN2M0YzAiOnsiY3JlYXRlIjoxMjAwMDAwMDAwMDAwLCJkZWxldGUiOjEyMDAwMDAwMDAwMDAsInVwZGF0ZSI6MTIwMDAwMDAwMDAwMH19",
          "dependencies": [
            "random_string.random"
          ]
        }
      ]
    },
    {
      "module": "module.aaa_cluster_aaa",
      "mode": "managed",
      "type": "google_compute_subnetwork",
      "name": "subnetwork",
      "provider": "provider[\"registry.terraform.io/hashicorp/google\"]",
      "instances": [
        {
          "schema_version": 0,
          "attributes": {
            "creation_timestamp": "2022-09-09T11:54:41.522-07:00",
            "description": "",
            "external_ipv6_prefix": "",
            "fingerprint": null,
            "gateway_address": "10.0.10.1",
            "id": "projects/core-337701/regions/europe-central2/subnetworks/ahx99fj3z-seemscloud",
            "ip_cidr_range": "10.0.10.0/24",
            "ipv6_access_type": "",
            "ipv6_cidr_range": "",
            "log_config": [],
            "name": "ahx99fj3z-seemscloud",
            "network": "https://www.googleapis.com/compute/v1/projects/core-337701/global/networks/ahx99fj3z-network",
            "private_ip_google_access": false,
            "private_ipv6_google_access": "DISABLE_GOOGLE_ACCESS",
            "project": "core-337701",
            "purpose": "PRIVATE",
            "region": "europe-central2",
            "role": "",
            "secondary_ip_range": [],
            "self_link": "https://www.googleapis.com/compute/v1/projects/core-337701/regions/europe-central2/subnetworks/ahx99fj3z-seemscloud",
            "stack_type": "IPV4_ONLY",
            "timeouts": null
          },
          "sensitive_attributes": [],
          "private": "eyJlMmJmYjczMC1lY2FhLTExZTYtOGY4OC0zNDM2M2JjN2M0YzAiOnsiY3JlYXRlIjoxMjAwMDAwMDAwMDAwLCJkZWxldGUiOjEyMDAwMDAwMDAwMDAsInVwZGF0ZSI6MTIwMDAwMDAwMDAwMH19",
          "dependencies": [
            "module.aaa_cluster_aaa.google_compute_network.network",
            "random_string.random"
          ]
        }
      ]
    },
    {
      "module": "module.aaa_cluster_aaa",
      "mode": "managed",
      "type": "google_container_cluster",
      "name": "aaa_gke_aaa",
      "provider": "provider[\"registry.terraform.io/hashicorp/google\"]",
      "instances": [
        {
          "schema_version": 1,
          "attributes": {
            "addons_config": [
              {
                "cloudrun_config": [],
                "dns_cache_config": [],
                "gce_persistent_disk_csi_driver_config": [
                  {
                    "enabled": true
                  }
                ],
                "gcp_filestore_csi_driver_config": [],
                "horizontal_pod_autoscaling": [
                  {
                    "disabled": false
                  }
                ],
                "http_load_balancing": [
                  {
                    "disabled": false
                  }
                ],
                "network_policy_config": [
                  {
                    "disabled": true
                  }
                ]
              }
            ],
            "authenticator_groups_config": [],
            "binary_authorization": [
              {
                "enabled": false,
                "evaluation_mode": ""
              }
            ],
            "cluster_autoscaling": [
              {
                "auto_provisioning_defaults": [
                  {
                    "boot_disk_kms_key": "",
                    "image_type": "COS_CONTAINERD",
                    "oauth_scopes": [
                      "https://www.googleapis.com/auth/logging.write",
                      "https://www.googleapis.com/auth/monitoring"
                    ],
                    "service_account": "default"
                  }
                ],
                "enabled": true,
                "resource_limits": [
                  {
                    "maximum": 50,
                    "minimum": 10,
                    "resource_type": "cpu"
                  },
                  {
                    "maximum": 50,
                    "minimum": 10,
                    "resource_type": "memory"
                  }
                ]
              }
            ],
            "cluster_ipv4_cidr": "10.144.0.0/14",
            "confidential_nodes": [],
            "database_encryption": [
              {
                "key_name": "",
                "state": "DECRYPTED"
              }
            ],
            "datapath_provider": "",
            "default_max_pods_per_node": null,
            "default_snat_status": [
              {
                "disabled": false
              }
            ],
            "description": "",
            "dns_config": [],
            "enable_autopilot": false,
            "enable_binary_authorization": false,
            "enable_intranode_visibility": false,
            "enable_kubernetes_alpha": false,
            "enable_legacy_abac": false,
            "enable_shielded_nodes": true,
            "enable_tpu": false,
            "endpoint": "34.118.46.101",
            "id": "projects/core-337701/locations/europe-central2/clusters/ahx99fj3z-seemscloud",
            "initial_node_count": 1,
            "ip_allocation_policy": [],
            "label_fingerprint": "a9dc16a7",
            "location": "europe-central2",
            "logging_config": [
              {
                "enable_components": [
                  "SYSTEM_COMPONENTS",
                  "WORKLOADS"
                ]
              }
            ],
            "logging_service": "logging.googleapis.com/kubernetes",
            "maintenance_policy": [],
            "master_auth": [
              {
                "client_certificate": "",
                "client_certificate_config": [
                  {
                    "issue_client_certificate": false
                  }
                ],
                "client_key": "",
                "cluster_ca_certificate": "LS0tLS1CRUdJTiBDRVJUSUZJQ0FURS0tLS0tCk1JSUVMRENDQXBTZ0F3SUJBZ0lRT2V5S0dDbVlISVMvYWxBbTlvenBKakFOQmdrcWhraUc5dzBCQVFzRkFEQXYKTVMwd0t3WURWUVFERXlSaE5tWTNZems1TlMwM00ySTFMVFJsTVdNdFlXTmxNaTFtWWpreE9XUTNOakU1TXpBdwpJQmNOTWpJd09UQTVNVGMxTmpRMVdoZ1BNakExTWpBNU1ERXhPRFUyTkRWYU1DOHhMVEFyQmdOVkJBTVRKR0UyClpqZGpPVGsxTFRjellqVXROR1V4WXkxaFkyVXlMV1ppT1RFNVpEYzJNVGt6TURDQ0FhSXdEUVlKS29aSWh2Y04KQVFFQkJRQURnZ0dQQURDQ0FZb0NnZ0dCQUxJQ1RuZ0dObDNYWW1pcEdvaFlLZ3oyd3ljR3pTUUlIS2FieFNaZApZL2ZHTHlYZERWUGY1RWFHZ2hKeHdSM2t0MzZKeHN3c1krRWpIdGczazFRNnZoVk9VTGRwODNoVWNlQ0xNQjZpCjg2emkzVXE2N0RTYmsxMVFkaFB2SUFUd1h2Q3VlMTJTc25hRGd6NUZxMDdRYWl1UWFidXBsUThVbjE5RlFCWHAKazNsajQzZWlNM1d0WHI3akNWSkJlTWFlakh2dW1zaUNBVDRXbXBLUGNoc240VHQvRndBTXB4c04yMmxXTEZ3dQpSVGpmdDAxZ1V5Wm54c2N2bUxtYU1LbHhWQktxNmZMcnFSM0ZYMGdUbzIxLzF5R3FtZEtaQWREOXdyd013R2IxCjcxMGh0SkhjOGxKS0N4ODdKeUVsVjJRRzhGVUZaaGl4N01aRWtZWUJoLzRnanFUdkJZVjg5eHRuanRvcWRaeEEKM0wwUGRVcHUvNUtSYWF2eFdtajlUQUE0NjdYQzQyRGNabHh4TkUyV0wrNDBwNXByYUo5aVFOUEFtaWZuRkJ5dApYaWgzZW1icE04cktYTllVSWN3eHdUdlROOVdBVTBxMHljRlVZQVlVSXdIZ3lHaXRnMFVjbXp6S1NYM1hiU0FRCjhUekViekNBblNmYXIwdWZXd1EzQzh3NGlRSURBUUFCbzBJd1FEQU9CZ05WSFE4QkFmOEVCQU1DQWdRd0R3WUQKVlIwVEFRSC9CQVV3QXdFQi96QWRCZ05WSFE0RUZnUVVJUHR3TFluMDBGK0ZVdGFPWStGdlBNSi8wSHN3RFFZSgpLb1pJaHZjTkFRRUxCUUFEZ2dHQkFIL093UG5DaWJrTDJ4b1I2NFdiZm5wL1lxTlVXUWxQM0RDV29oRExIT2x3CkI1aU5aMWVYZnVOVktrR2VzQkNFVjNEaDI0ZW1laUJMSFNOd0dRY2FDdS9icUF1OCsrTVBsSkpaWXdjMTFvYWUKd21oQ3cyZ0tsU2hPa2pmYmdGeXVuSHZreExOSStxbEhLL3g5MGw0YUF6SUVLb3lOMTd1QUhESVcrS1dNNzA4cAo0cUZlZUpZT0gxcGw2UnVQTGpoZXZuVkw4dUcrems3ZVJjb3FRNG9UZHk0Q3ZtWjA1bm1xYzVjelVKRlBMbHNrCjdxYzhrVUVIeURDNGV0NGZjUDZiRWIyUUtucTNQVDU4L1JHUWNSZXEyK0FJdjBLcWZjOXZiWlBLNEE4OE1OejUKRm1kaFo3bXJnWlozSWhkam9HSm14YXhJNXBpQ0E1Y1FoWDNvaml1LzRBNmpHRU1rblk1WmJPeDhTT2tVcDZWVApGanR0aDZ6S09MWUo5Nm52THFReUJyMWZOUStxeldXVWZTOUZUeE1nWXQrbkpxVWZmZGUvNS9ybUttWTFrcUkyCnc5L1YveHpEUTZCdG1zWTZBOWNEa0FOb0ZVUXMxUzRyM2luV2JtdWxPZ0JaU1dpWkYrZUY0cGNCaXVBOU9VaWEKSmhlcEtDZzRRN0Z6eHNMVE5mWE9Odz09Ci0tLS0tRU5EIENFUlRJRklDQVRFLS0tLS0K"
              }
            ],
            "master_authorized_networks_config": [],
            "master_version": "1.22.11-gke.400",
            "mesh_certificates": [],
            "min_master_version": "1.22.11-gke.400",
            "monitoring_config": [
              {
                "enable_components": [
                  "SYSTEM_COMPONENTS"
                ]
              }
            ],
            "monitoring_service": "monitoring.googleapis.com/kubernetes",
            "name": "ahx99fj3z-seemscloud",
            "network": "projects/core-337701/global/networks/ahx99fj3z-network",
            "network_policy": [
              {
                "enabled": false,
                "provider": "PROVIDER_UNSPECIFIED"
              }
            ],
            "networking_mode": "ROUTES",
            "node_config": [
              {
                "boot_disk_kms_key": "",
                "disk_size_gb": 100,
                "disk_type": "pd-standard",
                "gcfs_config": [],
                "guest_accelerator": [],
                "gvnic": [],
                "image_type": "COS_CONTAINERD",
                "labels": {},
                "local_ssd_count": 0,
                "machine_type": "e2-medium",
                "metadata": {
                  "disable-legacy-endpoints": "true"
                },
                "min_cpu_platform": "",
                "node_group": "",
                "oauth_scopes": [
                  "https://www.googleapis.com/auth/devstorage.read_only",
                  "https://www.googleapis.com/auth/logging.write",
                  "https://www.googleapis.com/auth/monitoring",
                  "https://www.googleapis.com/auth/service.management.readonly",
                  "https://www.googleapis.com/auth/servicecontrol",
                  "https://www.googleapis.com/auth/trace.append"
                ],
                "preemptible": false,
                "reservation_affinity": [],
                "service_account": "default",
                "shielded_instance_config": [
                  {
                    "enable_integrity_monitoring": true,
                    "enable_secure_boot": false
                  }
                ],
                "spot": false,
                "tags": [],
                "taint": [],
                "workload_metadata_config": [
                  {
                    "mode": "GKE_METADATA"
                  }
                ]
              }
            ],
            "node_locations": [
              "europe-central2-a",
              "europe-central2-b",
              "europe-central2-c"
            ],
            "node_pool": [
              {
                "autoscaling": [],
                "initial_node_count": 1,
                "instance_group_urls": [
                  "https://www.googleapis.com/compute/v1/projects/core-337701/zones/europe-central2-a/instanceGroupManagers/gke-ahx99fj3z-seemscloud-default-pool-285f7673-grp",
                  "https://www.googleapis.com/compute/v1/projects/core-337701/zones/europe-central2-b/instanceGroupManagers/gke-ahx99fj3z-seemscloud-default-pool-aac6d718-grp",
                  "https://www.googleapis.com/compute/v1/projects/core-337701/zones/europe-central2-c/instanceGroupManagers/gke-ahx99fj3z-seemscloud-default-pool-9939b720-grp"
                ],
                "managed_instance_group_urls": [
                  "https://www.googleapis.com/compute/v1/projects/core-337701/zones/europe-central2-a/instanceGroups/gke-ahx99fj3z-seemscloud-default-pool-285f7673-grp",
                  "https://www.googleapis.com/compute/v1/projects/core-337701/zones/europe-central2-b/instanceGroups/gke-ahx99fj3z-seemscloud-default-pool-aac6d718-grp",
                  "https://www.googleapis.com/compute/v1/projects/core-337701/zones/europe-central2-c/instanceGroups/gke-ahx99fj3z-seemscloud-default-pool-9939b720-grp"
                ],
                "management": [
                  {
                    "auto_repair": true,
                    "auto_upgrade": true
                  }
                ],
                "max_pods_per_node": 0,
                "name": "default-pool",
                "name_prefix": "",
                "node_config": [
                  {
                    "boot_disk_kms_key": "",
                    "disk_size_gb": 100,
                    "disk_type": "pd-standard",
                    "gcfs_config": [],
                    "guest_accelerator": [],
                    "gvnic": [],
                    "image_type": "COS_CONTAINERD",
                    "labels": {},
                    "local_ssd_count": 0,
                    "machine_type": "e2-medium",
                    "metadata": {
                      "disable-legacy-endpoints": "true"
                    },
                    "min_cpu_platform": "",
                    "node_group": "",
                    "oauth_scopes": [
                      "https://www.googleapis.com/auth/devstorage.read_only",
                      "https://www.googleapis.com/auth/logging.write",
                      "https://www.googleapis.com/auth/monitoring",
                      "https://www.googleapis.com/auth/service.management.readonly",
                      "https://www.googleapis.com/auth/servicecontrol",
                      "https://www.googleapis.com/auth/trace.append"
                    ],
                    "preemptible": false,
                    "reservation_affinity": [],
                    "service_account": "default",
                    "shielded_instance_config": [
                      {
                        "enable_integrity_monitoring": true,
                        "enable_secure_boot": false
                      }
                    ],
                    "spot": false,
                    "tags": [],
                    "taint": [],
                    "workload_metadata_config": [
                      {
                        "mode": "GKE_METADATA"
                      }
                    ]
                  }
                ],
                "node_count": 1,
                "node_locations": [
                  "europe-central2-a",
                  "europe-central2-b",
                  "europe-central2-c"
                ],
                "upgrade_settings": [
                  {
                    "max_surge": 1,
                    "max_unavailable": 0
                  }
                ],
                "version": "1.22.11-gke.400"
              }
            ],
            "node_version": "1.22.11-gke.400",
            "notification_config": [
              {
                "pubsub": [
                  {
                    "enabled": false,
                    "topic": ""
                  }
                ]
              }
            ],
            "operation": null,
            "private_cluster_config": [],
            "private_ipv6_google_access": "",
            "project": "core-337701",
            "release_channel": [
              {
                "channel": "UNSPECIFIED"
              }
            ],
            "remove_default_node_pool": false,
            "resource_labels": null,
            "resource_usage_export_config": [],
            "self_link": "https://container.googleapis.com/v1/projects/core-337701/locations/europe-central2/clusters/ahx99fj3z-seemscloud",
            "service_external_ips_config": [
              {
                "enabled": false
              }
            ],
            "services_ipv4_cidr": "10.147.240.0/20",
            "subnetwork": "projects/core-337701/regions/europe-central2/subnetworks/ahx99fj3z-seemscloud",
            "timeouts": null,
            "tpu_ipv4_cidr_block": "",
            "vertical_pod_autoscaling": [
              {
                "enabled": true
              }
            ],
            "workload_identity_config": [
              {
                "workload_pool": "core-337701.svc.id.goog"
              }
            ]
          },
          "sensitive_attributes": [],
          "private": "eyJlMmJmYjczMC1lY2FhLTExZTYtOGY4OC0zNDM2M2JjN2M0YzAiOnsiY3JlYXRlIjoyNDAwMDAwMDAwMDAwLCJkZWxldGUiOjI0MDAwMDAwMDAwMDAsInJlYWQiOjI0MDAwMDAwMDAwMDAsInVwZGF0ZSI6MzYwMDAwMDAwMDAwMH0sInNjaGVtYV92ZXJzaW9uIjoiMSJ9",
          "dependencies": [
            "module.aaa_cluster_aaa.data.google_compute_zones.zones",
            "module.aaa_cluster_aaa.google_compute_network.network",
            "module.aaa_cluster_aaa.google_compute_subnetwork.subnetwork",
            "module.aaa_cluster_aaa.google_service_account.aaa_gke_aaa",
            "random_string.random"
          ]
        }
      ]
    },
    {
      "module": "module.aaa_cluster_aaa",
      "mode": "managed",
      "type": "google_service_account",
      "name": "aaa_gke_aaa",
      "provider": "provider[\"registry.terraform.io/hashicorp/google\"]",
      "instances": [
        {
          "schema_version": 0,
          "attributes": {
            "account_id": "ahx99fj3z-seemscloud",
            "description": "",
            "disabled": false,
            "display_name": "ahx99fj3z-seemscloud",
            "email": "ahx99fj3z-seemscloud@core-337701.iam.gserviceaccount.com",
            "id": "projects/core-337701/serviceAccounts/ahx99fj3z-seemscloud@core-337701.iam.gserviceaccount.com",
            "name": "projects/core-337701/serviceAccounts/ahx99fj3z-seemscloud@core-337701.iam.gserviceaccount.com",
            "project": "core-337701",
            "timeouts": null,
            "unique_id": "109297912621339258609"
          },
          "sensitive_attributes": [],
          "private": "eyJlMmJmYjczMC1lY2FhLTExZTYtOGY4OC0zNDM2M2JjN2M0YzAiOnsiY3JlYXRlIjozMDAwMDAwMDAwMDB9fQ==",
          "dependencies": [
            "random_string.random"
          ]
        }
      ]
    }
  ]
}
