{
  "version": 4,
  "terraform_version": "1.2.7",
  "serial": 55,
  "lineage": "b1ff7183-8ecc-aaad-06d5-0aedb843acf3",
  "outputs": {},
  "resources": [
    {
      "mode": "managed",
      "type": "google_compute_project_metadata",
      "name": "metadata",
      "provider": "provider[\"registry.terraform.io/hashicorp/google\"]",
      "instances": [
        {
          "schema_version": 0,
          "attributes": {
            "id": "core-337701",
            "metadata": {
              "ssh-keys": "terraform:ssh-rsa AAAAB3NzaC1yc2EAAAADAQABAAABgQDH7GltxAbuv18fNiak6OL06Pg+B+MvDfDj8bXYauy2CdsM5g0A6wLLGrnqTvlaEZ+h0aVDFPwi9+Htkqp8uEC0E47+MckDt92ZhXkEozYsDU/eUkI9BjxX3mSuRJ36WizG5Fe/8h2/kGeQsBIgdHMepHWVw5lvsHUsVJDItigxJcknRWWfjus/tlBP+i9yDHilPhZXQWneW+sa2IW5h3QT64A8QJWkyUILlzkYxKqnhHm93DV2b5V4ofIvvBzpjolSDGjDzMyxIzkCOyuSGxVQgdgq45VhpOWywkf50SL5jJHBs61p6GBsM75opW0NVTLouFohd+rcA6vPva2U+t3pUYTZMCSxh5oe+HG2Q5O4U36b51UMApnUJF4UhovdsIFatV0mFWSECKHGxmH6pluJMTXSNaT+azDtm34Dk89sEDCVnqdWcjQywfZ70pvAQvXvauvOg0FluLkpL3WxFqc+poBR0/9qLO+0+q5dNF81vWUzoZ7Tq2BCRtatn0Dl4Ck="
            },
            "project": "core-337701",
            "timeouts": null
          },
          "sensitive_attributes": [],
          "private": "eyJlMmJmYjczMC1lY2FhLTExZTYtOGY4OC0zNDM2M2JjN2M0YzAiOnsiY3JlYXRlIjoyNDAwMDAwMDAwMDAsImRlbGV0ZSI6MjQwMDAwMDAwMDAwfX0="
        }
      ]
    },
    {
      "mode": "managed",
      "type": "random_string",
      "name": "random",
      "provider": "provider[\"registry.terraform.io/hashicorp/random\"]",
      "instances": [
        {
          "schema_version": 2,
          "attributes": {
            "id": "qahh7607",
            "keepers": null,
            "length": 8,
            "lower": true,
            "min_lower": 0,
            "min_numeric": 0,
            "min_special": 0,
            "min_upper": 0,
            "number": true,
            "numeric": true,
            "override_special": null,
            "result": "qahh7607",
            "special": false,
            "upper": false
          },
          "sensitive_attributes": []
        }
      ]
    },
    {
      "module": "module.aaa_cluster_aaa",
      "mode": "data",
      "type": "google_compute_zones",
      "name": "zones",
      "provider": "provider[\"registry.terraform.io/hashicorp/google\"]",
      "instances": [
        {
          "schema_version": 0,
          "attributes": {
            "id": "projects/core-337701/regions/europe-central2",
            "names": [
              "europe-central2-a",
              "europe-central2-b",
              "europe-central2-c"
            ],
            "project": "core-337701",
            "region": "europe-central2",
            "status": null
          },
          "sensitive_attributes": []
        }
      ]
    },
    {
      "module": "module.aaa_cluster_aaa",
      "mode": "managed",
      "type": "google_compute_network",
      "name": "network",
      "provider": "provider[\"registry.terraform.io/hashicorp/google\"]",
      "instances": [
        {
          "schema_version": 0,
          "attributes": {
            "auto_create_subnetworks": false,
            "delete_default_routes_on_create": false,
            "description": "",
            "enable_ula_internal_ipv6": false,
            "gateway_ipv4": "",
            "id": "projects/core-337701/global/networks/aqahh7607-network",
            "internal_ipv6_range": "",
            "mtu": 0,
            "name": "aqahh7607-network",
            "project": "core-337701",
            "routing_mode": "REGIONAL",
            "self_link": "https://www.googleapis.com/compute/v1/projects/core-337701/global/networks/aqahh7607-network",
            "timeouts": null
          },
          "sensitive_attributes": [],
          "private": "eyJlMmJmYjczMC1lY2FhLTExZTYtOGY4OC0zNDM2M2JjN2M0YzAiOnsiY3JlYXRlIjoxMjAwMDAwMDAwMDAwLCJkZWxldGUiOjEyMDAwMDAwMDAwMDAsInVwZGF0ZSI6MTIwMDAwMDAwMDAwMH19",
          "dependencies": [
            "random_string.random"
          ]
        }
      ]
    },
    {
      "module": "module.aaa_cluster_aaa",
      "mode": "managed",
      "type": "google_compute_subnetwork",
      "name": "bastion",
      "provider": "provider[\"registry.terraform.io/hashicorp/google\"]",
      "instances": [
        {
          "schema_version": 0,
          "attributes": {
            "creation_timestamp": "2022-09-09T13:18:15.833-07:00",
            "description": "",
            "external_ipv6_prefix": "",
            "fingerprint": null,
            "gateway_address": "10.0.10.1",
            "id": "projects/core-337701/regions/europe-central2/subnetworks/aqahh7607-bastion",
            "ip_cidr_range": "10.0.10.0/24",
            "ipv6_access_type": "",
            "ipv6_cidr_range": "",
            "log_config": [],
            "name": "aqahh7607-bastion",
            "network": "https://www.googleapis.com/compute/v1/projects/core-337701/global/networks/aqahh7607-network",
            "private_ip_google_access": false,
            "private_ipv6_google_access": "DISABLE_GOOGLE_ACCESS",
            "project": "core-337701",
            "purpose": "PRIVATE",
            "region": "europe-central2",
            "role": "",
            "secondary_ip_range": [],
            "self_link": "https://www.googleapis.com/compute/v1/projects/core-337701/regions/europe-central2/subnetworks/aqahh7607-bastion",
            "stack_type": "IPV4_ONLY",
            "timeouts": null
          },
          "sensitive_attributes": [],
          "private": "eyJlMmJmYjczMC1lY2FhLTExZTYtOGY4OC0zNDM2M2JjN2M0YzAiOnsiY3JlYXRlIjoxMjAwMDAwMDAwMDAwLCJkZWxldGUiOjEyMDAwMDAwMDAwMDAsInVwZGF0ZSI6MTIwMDAwMDAwMDAwMH19",
          "dependencies": [
            "module.aaa_cluster_aaa.google_compute_network.network",
            "random_string.random"
          ]
        }
      ]
    },
    {
      "module": "module.aaa_cluster_aaa",
      "mode": "managed",
      "type": "google_compute_subnetwork",
      "name": "cluster",
      "provider": "provider[\"registry.terraform.io/hashicorp/google\"]",
      "instances": [
        {
          "schema_version": 0,
          "attributes": {
            "creation_timestamp": "2022-09-09T13:18:15.326-07:00",
            "description": "",
            "external_ipv6_prefix": "",
            "fingerprint": null,
            "gateway_address": "10.0.20.1",
            "id": "projects/core-337701/regions/europe-central2/subnetworks/aqahh7607-seemscloud",
            "ip_cidr_range": "10.0.20.0/24",
            "ipv6_access_type": "",
            "ipv6_cidr_range": "",
            "log_config": [],
            "name": "aqahh7607-seemscloud",
            "network": "https://www.googleapis.com/compute/v1/projects/core-337701/global/networks/aqahh7607-network",
            "private_ip_google_access": false,
            "private_ipv6_google_access": "DISABLE_GOOGLE_ACCESS",
            "project": "core-337701",
            "purpose": "PRIVATE",
            "region": "europe-central2",
            "role": "",
            "secondary_ip_range": [
              {
                "ip_cidr_range": "10.52.0.0/14",
                "range_name": "cluster-range"
              },
              {
                "ip_cidr_range": "10.42.0.0/18",
                "range_name": "service-range"
              }
            ],
            "self_link": "https://www.googleapis.com/compute/v1/projects/core-337701/regions/europe-central2/subnetworks/aqahh7607-seemscloud",
            "stack_type": "IPV4_ONLY",
            "timeouts": null
          },
          "sensitive_attributes": [],
          "private": "eyJlMmJmYjczMC1lY2FhLTExZTYtOGY4OC0zNDM2M2JjN2M0YzAiOnsiY3JlYXRlIjoxMjAwMDAwMDAwMDAwLCJkZWxldGUiOjEyMDAwMDAwMDAwMDAsInVwZGF0ZSI6MTIwMDAwMDAwMDAwMH19",
          "dependencies": [
            "module.aaa_cluster_aaa.google_compute_network.network",
            "random_string.random"
          ]
        }
      ]
    },
    {
      "module": "module.aaa_cluster_aaa",
      "mode": "managed",
      "type": "google_service_account",
      "name": "aaa_gke_aaa",
      "provider": "provider[\"registry.terraform.io/hashicorp/google\"]",
      "instances": [
        {
          "schema_version": 0,
          "attributes": {
            "account_id": "aqahh7607-seemscloud",
            "description": "",
            "disabled": false,
            "display_name": "aqahh7607-seemscloud",
            "email": "aqahh7607-seemscloud@core-337701.iam.gserviceaccount.com",
            "id": "projects/core-337701/serviceAccounts/aqahh7607-seemscloud@core-337701.iam.gserviceaccount.com",
            "name": "projects/core-337701/serviceAccounts/aqahh7607-seemscloud@core-337701.iam.gserviceaccount.com",
            "project": "core-337701",
            "timeouts": null,
            "unique_id": "116066983836270949365"
          },
          "sensitive_attributes": [],
          "private": "eyJlMmJmYjczMC1lY2FhLTExZTYtOGY4OC0zNDM2M2JjN2M0YzAiOnsiY3JlYXRlIjozMDAwMDAwMDAwMDB9fQ==",
          "dependencies": [
            "random_string.random"
          ]
        }
      ]
    }
  ]
}
