{
  "version": 4,
  "terraform_version": "1.2.7",
  "serial": 73,
  "lineage": "b1ff7183-8ecc-aaad-06d5-0aedb843acf3",
  "outputs": {
    "bastion": {
      "value": "34.116.218.15",
      "type": "string"
    }
  },
  "resources": [
    {
      "mode": "managed",
      "type": "google_compute_project_metadata",
      "name": "metadata",
      "provider": "provider[\"registry.terraform.io/hashicorp/google\"]",
      "instances": [
        {
          "schema_version": 0,
          "attributes": {
            "id": "core-337701",
            "metadata": {
              "ssh-keys": "terraform:ssh-rsa AAAAB3NzaC1yc2EAAAADAQABAAABgQCkuj+CeqrJyLSCMgtCPcFN+4+zRQw4LCziEAuvDEdhyiix4DbZkBcL1fsgHeYKsY52wVga9zYF600m2h3HMNxi7pLlZKexcuJo7bJuB+fRXkSrevscqbW1NWXavRZZZ7DSun1DENDLAtlXlOPKITz9RdOg5Ook4Q3d50VNH2yrNK5Tma9ZAs7gNzKjrIaWMwUC0Rl5+QUQ98aVZUJg/HFqwrpgJkZH5iHP18qc/Q4wpmYO0AjsmiWSYYUYitMEkQF7ArYXqEAQQOOIdTzZBL2x3AHgeyUYeMJxgr4MM/gFqg0e0IG7Ss/tSPKN7N1DP96Eb5pI3uWJ2CptqPcCtmmBnSu3XH2nvBZqRzo0q/jxjRRtTN+E5kpnlL+5/OWx7CsAh+cdtRqj1dEk6TB2aKGWSSzCM+NvR6C9ZWkWrcEjNB2Vz78m1UfGXjdjnM8WUqBM4Z3lX012hJMZ6VEPLexYZgRdfx19AiwxIoDL6XPSGAOcN32fIdx0cqYFX0LAudk="
            },
            "project": "core-337701",
            "timeouts": null
          },
          "sensitive_attributes": [],
          "private": "eyJlMmJmYjczMC1lY2FhLTExZTYtOGY4OC0zNDM2M2JjN2M0YzAiOnsiY3JlYXRlIjoyNDAwMDAwMDAwMDAsImRlbGV0ZSI6MjQwMDAwMDAwMDAwfX0="
        }
      ]
    },
    {
      "mode": "managed",
      "type": "random_string",
      "name": "random",
      "provider": "provider[\"registry.terraform.io/hashicorp/random\"]",
      "instances": [
        {
          "schema_version": 2,
          "attributes": {
            "id": "qahh7607",
            "keepers": null,
            "length": 8,
            "lower": true,
            "min_lower": 0,
            "min_numeric": 0,
            "min_special": 0,
            "min_upper": 0,
            "number": true,
            "numeric": true,
            "override_special": null,
            "result": "qahh7607",
            "special": false,
            "upper": false
          },
          "sensitive_attributes": []
        }
      ]
    },
    {
      "module": "module.aaa_cluster_aaa",
      "mode": "data",
      "type": "google_compute_zones",
      "name": "available",
      "provider": "provider[\"registry.terraform.io/hashicorp/google\"]",
      "instances": [
        {
          "schema_version": 0,
          "attributes": {
            "id": "projects/core-337701/regions/europe-central2",
            "names": [
              "europe-central2-a",
              "europe-central2-b",
              "europe-central2-c"
            ],
            "project": "core-337701",
            "region": "europe-central2",
            "status": null
          },
          "sensitive_attributes": []
        }
      ]
    },
    {
      "module": "module.aaa_cluster_aaa",
      "mode": "managed",
      "type": "google_compute_address",
      "name": "bastion",
      "provider": "provider[\"registry.terraform.io/hashicorp/google\"]",
      "instances": [
        {
          "schema_version": 0,
          "attributes": {
            "address": "34.116.218.15",
            "address_type": "EXTERNAL",
            "creation_timestamp": "2022-09-09T13:37:36.326-07:00",
            "description": "",
            "id": "projects/core-337701/regions/europe-central2/addresses/aqahh7607-bastion",
            "name": "aqahh7607-bastion",
            "network": "",
            "network_tier": "PREMIUM",
            "prefix_length": 0,
            "project": "core-337701",
            "purpose": "",
            "region": "europe-central2",
            "self_link": "https://www.googleapis.com/compute/v1/projects/core-337701/regions/europe-central2/addresses/aqahh7607-bastion",
            "subnetwork": "",
            "timeouts": null,
            "users": [
              "https://www.googleapis.com/compute/v1/projects/core-337701/zones/europe-central2-a/instances/aqahh7607-bastion"
            ]
          },
          "sensitive_attributes": [],
          "private": "eyJlMmJmYjczMC1lY2FhLTExZTYtOGY4OC0zNDM2M2JjN2M0YzAiOnsiY3JlYXRlIjoxMjAwMDAwMDAwMDAwLCJkZWxldGUiOjEyMDAwMDAwMDAwMDB9fQ==",
          "dependencies": [
            "random_string.random"
          ]
        }
      ]
    },
    {
      "module": "module.aaa_cluster_aaa",
      "mode": "managed",
      "type": "google_compute_instance",
      "name": "bastion",
      "provider": "provider[\"registry.terraform.io/hashicorp/google\"]",
      "instances": [
        {
          "schema_version": 6,
          "attributes": {
            "advanced_machine_features": [],
            "allow_stopping_for_update": null,
            "attached_disk": [],
            "boot_disk": [
              {
                "auto_delete": false,
                "device_name": "persistent-disk-0",
                "disk_encryption_key_raw": "",
                "disk_encryption_key_sha256": "",
                "initialize_params": [
                  {
                    "image": "https://www.googleapis.com/compute/v1/projects/ubuntu-os-cloud/global/images/ubuntu-2004-focal-v20220905",
                    "labels": {},
                    "size": 32,
                    "type": "pd-ssd"
                  }
                ],
                "kms_key_self_link": "",
                "mode": "READ_WRITE",
                "source": "https://www.googleapis.com/compute/v1/projects/core-337701/zones/europe-central2-a/disks/aqahh7607-bastion"
              }
            ],
            "can_ip_forward": false,
            "confidential_instance_config": [],
            "cpu_platform": "Intel Broadwell",
            "current_status": "RUNNING",
            "deletion_protection": false,
            "description": "",
            "desired_status": "RUNNING",
            "enable_display": false,
            "guest_accelerator": [],
            "hostname": "",
            "id": "projects/core-337701/zones/europe-central2-a/instances/aqahh7607-bastion",
            "instance_id": "6040994856467570034",
            "label_fingerprint": "42WmSpB8rSM=",
            "labels": {},
            "machine_type": "e2-highcpu-2",
            "metadata": {},
            "metadata_fingerprint": "Y7EuSgG9t_c=",
            "metadata_startup_script": null,
            "min_cpu_platform": "",
            "name": "aqahh7607-bastion",
            "network_interface": [
              {
                "access_config": [
                  {
                    "nat_ip": "34.116.218.15",
                    "network_tier": "PREMIUM",
                    "public_ptr_domain_name": ""
                  }
                ],
                "alias_ip_range": [],
                "ipv6_access_config": [],
                "ipv6_access_type": "",
                "name": "nic0",
                "network": "https://www.googleapis.com/compute/v1/projects/core-337701/global/networks/aqahh7607-network",
                "network_ip": "10.0.10.2",
                "nic_type": "",
                "queue_count": 0,
                "stack_type": "IPV4_ONLY",
                "subnetwork": "https://www.googleapis.com/compute/v1/projects/core-337701/regions/europe-central2/subnetworks/aqahh7607-bastion",
                "subnetwork_project": "core-337701"
              }
            ],
            "project": "core-337701",
            "reservation_affinity": [],
            "resource_policies": [],
            "scheduling": [
              {
                "automatic_restart": false,
                "instance_termination_action": "",
                "min_node_cpus": 0,
                "node_affinities": [],
                "on_host_maintenance": "MIGRATE",
                "preemptible": false,
                "provisioning_model": "STANDARD"
              }
            ],
            "scratch_disk": [],
            "self_link": "https://www.googleapis.com/compute/v1/projects/core-337701/zones/europe-central2-a/instances/aqahh7607-bastion",
            "service_account": [],
            "shielded_instance_config": [
              {
                "enable_integrity_monitoring": true,
                "enable_secure_boot": false,
                "enable_vtpm": true
              }
            ],
            "tags": [
              "all",
              "bastion"
            ],
            "tags_fingerprint": "Ky1HmRXoc_U=",
            "timeouts": null,
            "zone": "europe-central2-a"
          },
          "sensitive_attributes": [],
          "private": "eyJlMmJmYjczMC1lY2FhLTExZTYtOGY4OC0zNDM2M2JjN2M0YzAiOnsiY3JlYXRlIjoxMjAwMDAwMDAwMDAwLCJkZWxldGUiOjEyMDAwMDAwMDAwMDAsInVwZGF0ZSI6MTIwMDAwMDAwMDAwMH0sInNjaGVtYV92ZXJzaW9uIjoiNiJ9",
          "dependencies": [
            "module.aaa_cluster_aaa.data.google_compute_zones.available",
            "module.aaa_cluster_aaa.google_compute_address.bastion",
            "module.aaa_cluster_aaa.google_compute_network.network",
            "module.aaa_cluster_aaa.google_compute_subnetwork.bastion",
            "module.aaa_cluster_aaa.random_shuffle.google_compute_zones",
            "random_string.random"
          ]
        }
      ]
    },
    {
      "module": "module.aaa_cluster_aaa",
      "mode": "managed",
      "type": "google_compute_network",
      "name": "network",
      "provider": "provider[\"registry.terraform.io/hashicorp/google\"]",
      "instances": [
        {
          "schema_version": 0,
          "attributes": {
            "auto_create_subnetworks": false,
            "delete_default_routes_on_create": false,
            "description": "",
            "enable_ula_internal_ipv6": false,
            "gateway_ipv4": "",
            "id": "projects/core-337701/global/networks/aqahh7607-network",
            "internal_ipv6_range": "",
            "mtu": 0,
            "name": "aqahh7607-network",
            "project": "core-337701",
            "routing_mode": "REGIONAL",
            "self_link": "https://www.googleapis.com/compute/v1/projects/core-337701/global/networks/aqahh7607-network",
            "timeouts": null
          },
          "sensitive_attributes": [],
          "private": "eyJlMmJmYjczMC1lY2FhLTExZTYtOGY4OC0zNDM2M2JjN2M0YzAiOnsiY3JlYXRlIjoxMjAwMDAwMDAwMDAwLCJkZWxldGUiOjEyMDAwMDAwMDAwMDAsInVwZGF0ZSI6MTIwMDAwMDAwMDAwMH19",
          "dependencies": [
            "random_string.random"
          ]
        }
      ]
    },
    {
      "module": "module.aaa_cluster_aaa",
      "mode": "managed",
      "type": "google_compute_subnetwork",
      "name": "bastion",
      "provider": "provider[\"registry.terraform.io/hashicorp/google\"]",
      "instances": [
        {
          "schema_version": 0,
          "attributes": {
            "creation_timestamp": "2022-09-09T13:18:15.833-07:00",
            "description": "",
            "external_ipv6_prefix": "",
            "fingerprint": null,
            "gateway_address": "10.0.10.1",
            "id": "projects/core-337701/regions/europe-central2/subnetworks/aqahh7607-bastion",
            "ip_cidr_range": "10.0.10.0/24",
            "ipv6_access_type": "",
            "ipv6_cidr_range": "",
            "log_config": [],
            "name": "aqahh7607-bastion",
            "network": "https://www.googleapis.com/compute/v1/projects/core-337701/global/networks/aqahh7607-network",
            "private_ip_google_access": false,
            "private_ipv6_google_access": "DISABLE_GOOGLE_ACCESS",
            "project": "core-337701",
            "purpose": "PRIVATE",
            "region": "europe-central2",
            "role": "",
            "secondary_ip_range": [],
            "self_link": "https://www.googleapis.com/compute/v1/projects/core-337701/regions/europe-central2/subnetworks/aqahh7607-bastion",
            "stack_type": "IPV4_ONLY",
            "timeouts": null
          },
          "sensitive_attributes": [],
          "private": "eyJlMmJmYjczMC1lY2FhLTExZTYtOGY4OC0zNDM2M2JjN2M0YzAiOnsiY3JlYXRlIjoxMjAwMDAwMDAwMDAwLCJkZWxldGUiOjEyMDAwMDAwMDAwMDAsInVwZGF0ZSI6MTIwMDAwMDAwMDAwMH19",
          "dependencies": [
            "module.aaa_cluster_aaa.google_compute_network.network",
            "random_string.random"
          ]
        }
      ]
    },
    {
      "module": "module.aaa_cluster_aaa",
      "mode": "managed",
      "type": "google_compute_subnetwork",
      "name": "cluster",
      "provider": "provider[\"registry.terraform.io/hashicorp/google\"]",
      "instances": [
        {
          "schema_version": 0,
          "attributes": {
            "creation_timestamp": "2022-09-09T13:18:15.326-07:00",
            "description": "",
            "external_ipv6_prefix": "",
            "fingerprint": null,
            "gateway_address": "10.0.20.1",
            "id": "projects/core-337701/regions/europe-central2/subnetworks/aqahh7607-seemscloud",
            "ip_cidr_range": "10.0.20.0/24",
            "ipv6_access_type": "",
            "ipv6_cidr_range": "",
            "log_config": [],
            "name": "aqahh7607-seemscloud",
            "network": "https://www.googleapis.com/compute/v1/projects/core-337701/global/networks/aqahh7607-network",
            "private_ip_google_access": false,
            "private_ipv6_google_access": "DISABLE_GOOGLE_ACCESS",
            "project": "core-337701",
            "purpose": "PRIVATE",
            "region": "europe-central2",
            "role": "",
            "secondary_ip_range": [
              {
                "ip_cidr_range": "10.52.0.0/14",
                "range_name": "cluster-range"
              },
              {
                "ip_cidr_range": "10.42.0.0/18",
                "range_name": "service-range"
              }
            ],
            "self_link": "https://www.googleapis.com/compute/v1/projects/core-337701/regions/europe-central2/subnetworks/aqahh7607-seemscloud",
            "stack_type": "IPV4_ONLY",
            "timeouts": null
          },
          "sensitive_attributes": [],
          "private": "eyJlMmJmYjczMC1lY2FhLTExZTYtOGY4OC0zNDM2M2JjN2M0YzAiOnsiY3JlYXRlIjoxMjAwMDAwMDAwMDAwLCJkZWxldGUiOjEyMDAwMDAwMDAwMDAsInVwZGF0ZSI6MTIwMDAwMDAwMDAwMH19",
          "dependencies": [
            "module.aaa_cluster_aaa.google_compute_network.network",
            "random_string.random"
          ]
        }
      ]
    },
    {
      "module": "module.aaa_cluster_aaa",
      "mode": "managed",
      "type": "google_container_cluster",
      "name": "aaa_gke_aaa",
      "provider": "provider[\"registry.terraform.io/hashicorp/google\"]",
      "instances": [
        {
          "schema_version": 1,
          "attributes": {
            "addons_config": [
              {
                "cloudrun_config": [],
                "dns_cache_config": [],
                "gce_persistent_disk_csi_driver_config": [
                  {
                    "enabled": true
                  }
                ],
                "gcp_filestore_csi_driver_config": [],
                "horizontal_pod_autoscaling": [
                  {
                    "disabled": false
                  }
                ],
                "http_load_balancing": [
                  {
                    "disabled": false
                  }
                ],
                "network_policy_config": [
                  {
                    "disabled": true
                  }
                ]
              }
            ],
            "authenticator_groups_config": [],
            "binary_authorization": [
              {
                "enabled": false,
                "evaluation_mode": ""
              }
            ],
            "cluster_autoscaling": [
              {
                "auto_provisioning_defaults": [
                  {
                    "boot_disk_kms_key": "",
                    "image_type": "COS_CONTAINERD",
                    "oauth_scopes": [
                      "https://www.googleapis.com/auth/logging.write",
                      "https://www.googleapis.com/auth/monitoring"
                    ],
                    "service_account": "default"
                  }
                ],
                "enabled": true,
                "resource_limits": [
                  {
                    "maximum": 50,
                    "minimum": 10,
                    "resource_type": "cpu"
                  },
                  {
                    "maximum": 50,
                    "minimum": 10,
                    "resource_type": "memory"
                  }
                ]
              }
            ],
            "cluster_ipv4_cidr": "10.52.0.0/14",
            "confidential_nodes": [],
            "database_encryption": [
              {
                "key_name": "",
                "state": "DECRYPTED"
              }
            ],
            "datapath_provider": "",
            "default_max_pods_per_node": 110,
            "default_snat_status": [
              {
                "disabled": false
              }
            ],
            "description": "",
            "dns_config": [],
            "enable_autopilot": false,
            "enable_binary_authorization": false,
            "enable_intranode_visibility": false,
            "enable_kubernetes_alpha": false,
            "enable_legacy_abac": false,
            "enable_shielded_nodes": true,
            "enable_tpu": false,
            "endpoint": "172.18.0.2",
            "id": "projects/core-337701/locations/europe-central2/clusters/aqahh7607-seemscloud",
            "initial_node_count": 1,
            "ip_allocation_policy": [
              {
                "cluster_ipv4_cidr_block": "10.52.0.0/14",
                "cluster_secondary_range_name": "cluster-range",
                "services_ipv4_cidr_block": "10.42.0.0/18",
                "services_secondary_range_name": "service-range"
              }
            ],
            "label_fingerprint": "a9dc16a7",
            "location": "europe-central2",
            "logging_config": [
              {
                "enable_components": [
                  "SYSTEM_COMPONENTS",
                  "WORKLOADS"
                ]
              }
            ],
            "logging_service": "logging.googleapis.com/kubernetes",
            "maintenance_policy": [],
            "master_auth": [
              {
                "client_certificate": "",
                "client_certificate_config": [
                  {
                    "issue_client_certificate": false
                  }
                ],
                "client_key": "",
                "cluster_ca_certificate": "LS0tLS1CRUdJTiBDRVJUSUZJQ0FURS0tLS0tCk1JSUVMRENDQXBTZ0F3SUJBZ0lRZmllc2M5VHJPTnJuSlhCVTg2cFl0akFOQmdrcWhraUc5dzBCQVFzRkFEQXYKTVMwd0t3WURWUVFERXlRMFl6RTVNelEwTlMwMk56QTNMVFE1WkRBdE9EZG1OaTAxTW1Kak5HVmhZV1V3WmpndwpJQmNOTWpJd09UQTVNVGt5TXpNM1doZ1BNakExTWpBNU1ERXlNREl6TXpkYU1DOHhMVEFyQmdOVkJBTVRKRFJqCk1Ua3pORFExTFRZM01EY3RORGxrTUMwNE4yWTJMVFV5WW1NMFpXRmhaVEJtT0RDQ0FhSXdEUVlKS29aSWh2Y04KQVFFQkJRQURnZ0dQQURDQ0FZb0NnZ0dCQUthUkE0TmFrcXZoNklzZzFUMmlQV2dPenEzOGlqY0pWODE2S3VpdwpuRTZhQmxrcmE2N2hnZEF3K3hFbmVVb25ub2pscXd1cnBmU00wQUJBWGljTWtsSTFNRmI4enRzSHZ5N3AxSlpsCmtnWmdKZ1ZhMlMwS1FLVmEwZ0x1RGlobTZTNWNyWnFtOG9Kb1lCeGlzdjNPc25sR3hRT2g5eTZQbHdNdFN3UFIKRkJMRlNXMEF3Q3lMcHd3T3g1TFh5MUUxMFZoZW0wcnlCeHY3ZDh3MzU3VWZRM1B3NU0xKzNTaHpEVzNkY1A3Vwo0Skl6S2NOQVFzb3loUmsweVo3L01PcXlxZ29EVEl5cTJMS3AwUnVpUTAwVlFmN3JqY0diT1FVRThFSWRrZGhwCnBFZFZGWStvM00yRUZ3eTZobTBNQzh6M2pMZThaMHF6L09iVkQvNGNWa0x3dTE2MzBXYzAyVTg3NXhsYldUZHEKa0tvZ0t5MzBKd3NwZmZyUC9oQjBwMnlKS25NM0tEc292cm1Wd3lLTll0ZUVPUythT2w0N3VFbWtLenErYUMxSAoxSU9tQkxFSGZwR3FyS0R4bnB5NkxJQXFiOVd4TW5IdW9nUENLMVVBeThrVys4VGRzVVBKSHl6L3FnTDVYclJWClpRN2JJZyt0QXNmVlBZb0p1Q2wrd0JBSmh3SURBUUFCbzBJd1FEQU9CZ05WSFE4QkFmOEVCQU1DQWdRd0R3WUQKVlIwVEFRSC9CQVV3QXdFQi96QWRCZ05WSFE0RUZnUVVHeGlubkxET2h3czdnUytaUVhROThSV1VpelF3RFFZSgpLb1pJaHZjTkFRRUxCUUFEZ2dHQkFBSGpwV0VzelRWbVdJdDUvOVlHVkxNblR1OTZlZDFoTkhNQnNnYkxkY1V0Cm5SNGhYd2lCSTROWG9iK0d0SlJFUGVnQis0Ym16Z0ZScjRtcGpxNFNvRk12SFliQlBHbnRXeE5wVk9ZdEc4dS8KdlVXQWwwa1U0QmRlSFNFNTlEL0duekpjUU5rVHN1QzFMS2w1aVVXc0xwWEtoMzA1U1BPbDRxTmpsM2dwYzl0ZwpodEVmOStjS1hBSE14VXY5OXI1ZzhpOTJ4bk0yZzI3TEF5bE44bFNKYzNycWdyV29UbEwvZGdHQmU4cERVRW9SCkQyb24rNWdieTVsTENXdjNlc2hmdlZnNXpxc0lDem1yUWpMWnd0eU5EYnpWUzM4RTVrNnV5RW5XVlVVaHRBKzMKUkdwWEY0bGI4LzFTeGYrZXh4K3B3N25yUEp1VEVGMHRNNVJkNGF4TXB4SURNUUQ3TFVYdE0xVzRtd2ZCMGx5Ngp0OWw2VWkxSDcvbjhHWnY2VmhvVTVjbVk3V0FrakpER2t4L3NyajcrRnpmWkRweHNyaEk0Qjk5N0hUMHBrb1pQCjJIUXNzWFR3cWFFU2ZxMk9KOFJCenlkcVB4d1U1T2NpdVpzaXRGelArNDJZQ1l1SitheXV4cCtJUEZTRThJVjAKcU92YzArTG1tUFVVWHEyaUNCbng4Zz09Ci0tLS0tRU5EIENFUlRJRklDQVRFLS0tLS0K"
              }
            ],
            "master_authorized_networks_config": [
              {
                "cidr_blocks": [
                  {
                    "cidr_block": "10.0.10.0/24",
                    "display_name": ""
                  }
                ]
              }
            ],
            "master_version": "1.22.11-gke.400",
            "mesh_certificates": [],
            "min_master_version": "1.22.11-gke.400",
            "monitoring_config": [
              {
                "enable_components": [
                  "SYSTEM_COMPONENTS"
                ]
              }
            ],
            "monitoring_service": "monitoring.googleapis.com/kubernetes",
            "name": "aqahh7607-seemscloud",
            "network": "projects/core-337701/global/networks/aqahh7607-network",
            "network_policy": [
              {
                "enabled": false,
                "provider": "PROVIDER_UNSPECIFIED"
              }
            ],
            "networking_mode": "VPC_NATIVE",
            "node_config": [
              {
                "boot_disk_kms_key": "",
                "disk_size_gb": 100,
                "disk_type": "pd-standard",
                "gcfs_config": [],
                "guest_accelerator": [],
                "gvnic": [],
                "image_type": "COS_CONTAINERD",
                "labels": {},
                "local_ssd_count": 0,
                "machine_type": "e2-medium",
                "metadata": {
                  "disable-legacy-endpoints": "true"
                },
                "min_cpu_platform": "",
                "node_group": "",
                "oauth_scopes": [
                  "https://www.googleapis.com/auth/devstorage.read_only",
                  "https://www.googleapis.com/auth/logging.write",
                  "https://www.googleapis.com/auth/monitoring",
                  "https://www.googleapis.com/auth/service.management.readonly",
                  "https://www.googleapis.com/auth/servicecontrol",
                  "https://www.googleapis.com/auth/trace.append"
                ],
                "preemptible": false,
                "reservation_affinity": [],
                "service_account": "default",
                "shielded_instance_config": [
                  {
                    "enable_integrity_monitoring": true,
                    "enable_secure_boot": false
                  }
                ],
                "spot": false,
                "tags": [],
                "taint": [],
                "workload_metadata_config": [
                  {
                    "mode": "GKE_METADATA"
                  }
                ]
              }
            ],
            "node_locations": [
              "europe-central2-a",
              "europe-central2-b",
              "europe-central2-c"
            ],
            "node_pool": [
              {
                "autoscaling": [],
                "initial_node_count": 1,
                "instance_group_urls": [
                  "https://www.googleapis.com/compute/v1/projects/core-337701/zones/europe-central2-a/instanceGroupManagers/gke-aqahh7607-seemscloud-default-pool-b61a2d49-grp",
                  "https://www.googleapis.com/compute/v1/projects/core-337701/zones/europe-central2-b/instanceGroupManagers/gke-aqahh7607-seemscloud-default-pool-7cc8d905-grp",
                  "https://www.googleapis.com/compute/v1/projects/core-337701/zones/europe-central2-c/instanceGroupManagers/gke-aqahh7607-seemscloud-default-pool-a206c64b-grp"
                ],
                "managed_instance_group_urls": [
                  "https://www.googleapis.com/compute/v1/projects/core-337701/zones/europe-central2-a/instanceGroups/gke-aqahh7607-seemscloud-default-pool-b61a2d49-grp",
                  "https://www.googleapis.com/compute/v1/projects/core-337701/zones/europe-central2-b/instanceGroups/gke-aqahh7607-seemscloud-default-pool-7cc8d905-grp",
                  "https://www.googleapis.com/compute/v1/projects/core-337701/zones/europe-central2-c/instanceGroups/gke-aqahh7607-seemscloud-default-pool-a206c64b-grp"
                ],
                "management": [
                  {
                    "auto_repair": true,
                    "auto_upgrade": true
                  }
                ],
                "max_pods_per_node": 110,
                "name": "default-pool",
                "name_prefix": "",
                "node_config": [
                  {
                    "boot_disk_kms_key": "",
                    "disk_size_gb": 100,
                    "disk_type": "pd-standard",
                    "gcfs_config": [],
                    "guest_accelerator": [],
                    "gvnic": [],
                    "image_type": "COS_CONTAINERD",
                    "labels": {},
                    "local_ssd_count": 0,
                    "machine_type": "e2-medium",
                    "metadata": {
                      "disable-legacy-endpoints": "true"
                    },
                    "min_cpu_platform": "",
                    "node_group": "",
                    "oauth_scopes": [
                      "https://www.googleapis.com/auth/devstorage.read_only",
                      "https://www.googleapis.com/auth/logging.write",
                      "https://www.googleapis.com/auth/monitoring",
                      "https://www.googleapis.com/auth/service.management.readonly",
                      "https://www.googleapis.com/auth/servicecontrol",
                      "https://www.googleapis.com/auth/trace.append"
                    ],
                    "preemptible": false,
                    "reservation_affinity": [],
                    "service_account": "default",
                    "shielded_instance_config": [
                      {
                        "enable_integrity_monitoring": true,
                        "enable_secure_boot": false
                      }
                    ],
                    "spot": false,
                    "tags": [],
                    "taint": [],
                    "workload_metadata_config": [
                      {
                        "mode": "GKE_METADATA"
                      }
                    ]
                  }
                ],
                "node_count": 1,
                "node_locations": [
                  "europe-central2-a",
                  "europe-central2-b",
                  "europe-central2-c"
                ],
                "upgrade_settings": [
                  {
                    "max_surge": 1,
                    "max_unavailable": 0
                  }
                ],
                "version": "1.22.11-gke.400"
              }
            ],
            "node_version": "1.22.11-gke.400",
            "notification_config": [
              {
                "pubsub": [
                  {
                    "enabled": false,
                    "topic": ""
                  }
                ]
              }
            ],
            "operation": null,
            "private_cluster_config": [
              {
                "enable_private_endpoint": true,
                "enable_private_nodes": true,
                "master_global_access_config": [
                  {
                    "enabled": false
                  }
                ],
                "master_ipv4_cidr_block": "172.18.0.0/28",
                "peering_name": "gke-nb9c4c1f89668412623c-9010-e5c6-peer",
                "private_endpoint": "172.18.0.2",
                "public_endpoint": "34.116.155.58"
              }
            ],
            "private_ipv6_google_access": "",
            "project": "core-337701",
            "release_channel": [
              {
                "channel": "UNSPECIFIED"
              }
            ],
            "remove_default_node_pool": false,
            "resource_labels": {},
            "resource_usage_export_config": [],
            "self_link": "https://container.googleapis.com/v1/projects/core-337701/locations/europe-central2/clusters/aqahh7607-seemscloud",
            "service_external_ips_config": [
              {
                "enabled": false
              }
            ],
            "services_ipv4_cidr": "10.42.0.0/18",
            "subnetwork": "projects/core-337701/regions/europe-central2/subnetworks/aqahh7607-seemscloud",
            "timeouts": null,
            "tpu_ipv4_cidr_block": "",
            "vertical_pod_autoscaling": [
              {
                "enabled": true
              }
            ],
            "workload_identity_config": [
              {
                "workload_pool": "core-337701.svc.id.goog"
              }
            ]
          },
          "sensitive_attributes": [],
          "private": "eyJlMmJmYjczMC1lY2FhLTExZTYtOGY4OC0zNDM2M2JjN2M0YzAiOnsiY3JlYXRlIjoyNDAwMDAwMDAwMDAwLCJkZWxldGUiOjI0MDAwMDAwMDAwMDAsInJlYWQiOjI0MDAwMDAwMDAwMDAsInVwZGF0ZSI6MzYwMDAwMDAwMDAwMH0sInNjaGVtYV92ZXJzaW9uIjoiMSJ9",
          "dependencies": [
            "module.aaa_cluster_aaa.data.google_compute_zones.available",
            "module.aaa_cluster_aaa.google_compute_network.network",
            "module.aaa_cluster_aaa.google_compute_subnetwork.bastion",
            "module.aaa_cluster_aaa.google_compute_subnetwork.cluster",
            "module.aaa_cluster_aaa.google_service_account.aaa_gke_aaa",
            "random_string.random"
          ]
        }
      ]
    },
    {
      "module": "module.aaa_cluster_aaa",
      "mode": "managed",
      "type": "google_service_account",
      "name": "aaa_gke_aaa",
      "provider": "provider[\"registry.terraform.io/hashicorp/google\"]",
      "instances": [
        {
          "schema_version": 0,
          "attributes": {
            "account_id": "aqahh7607-seemscloud",
            "description": "",
            "disabled": false,
            "display_name": "aqahh7607-seemscloud",
            "email": "aqahh7607-seemscloud@core-337701.iam.gserviceaccount.com",
            "id": "projects/core-337701/serviceAccounts/aqahh7607-seemscloud@core-337701.iam.gserviceaccount.com",
            "name": "projects/core-337701/serviceAccounts/aqahh7607-seemscloud@core-337701.iam.gserviceaccount.com",
            "project": "core-337701",
            "timeouts": null,
            "unique_id": "116066983836270949365"
          },
          "sensitive_attributes": [],
          "private": "eyJlMmJmYjczMC1lY2FhLTExZTYtOGY4OC0zNDM2M2JjN2M0YzAiOnsiY3JlYXRlIjozMDAwMDAwMDAwMDB9fQ==",
          "dependencies": [
            "random_string.random"
          ]
        }
      ]
    },
    {
      "module": "module.aaa_cluster_aaa",
      "mode": "managed",
      "type": "random_shuffle",
      "name": "google_compute_zones",
      "provider": "provider[\"registry.terraform.io/hashicorp/random\"]",
      "instances": [
        {
          "schema_version": 0,
          "attributes": {
            "id": "-",
            "input": [
              "europe-central2-a",
              "europe-central2-b",
              "europe-central2-c"
            ],
            "keepers": null,
            "result": [
              "europe-central2-a"
            ],
            "result_count": 1,
            "seed": null
          },
          "sensitive_attributes": [],
          "dependencies": [
            "module.aaa_cluster_aaa.data.google_compute_zones.available"
          ]
        }
      ]
    },
    {
      "module": "module.firewall.module.aaa_cluster_aaa",
      "mode": "managed",
      "type": "google_compute_firewall",
      "name": "bastion_to_all",
      "provider": "provider[\"registry.terraform.io/hashicorp/google\"]",
      "instances": [
        {
          "schema_version": 1,
          "attributes": {
            "allow": [
              {
                "ports": [
                  "22"
                ],
                "protocol": "tcp"
              }
            ],
            "creation_timestamp": "2022-09-09T13:49:45.818-07:00",
            "deny": [],
            "description": "",
            "destination_ranges": [],
            "direction": "INGRESS",
            "disabled": false,
            "enable_logging": null,
            "id": "projects/core-337701/global/firewalls/bastion-to-all",
            "log_config": [],
            "name": "bastion-to-all",
            "network": "https://www.googleapis.com/compute/v1/projects/core-337701/global/networks/aqahh7607-network",
            "priority": 1000,
            "project": "core-337701",
            "self_link": "https://www.googleapis.com/compute/v1/projects/core-337701/global/firewalls/bastion-to-all",
            "source_ranges": [],
            "source_service_accounts": [],
            "source_tags": [
              "bastion"
            ],
            "target_service_accounts": [],
            "target_tags": [
              "all"
            ],
            "timeouts": null
          },
          "sensitive_attributes": [],
          "private": "eyJlMmJmYjczMC1lY2FhLTExZTYtOGY4OC0zNDM2M2JjN2M0YzAiOnsiY3JlYXRlIjoxMjAwMDAwMDAwMDAwLCJkZWxldGUiOjEyMDAwMDAwMDAwMDAsInVwZGF0ZSI6MTIwMDAwMDAwMDAwMH0sInNjaGVtYV92ZXJzaW9uIjoiMSJ9",
          "dependencies": [
            "module.aaa_cluster_aaa.google_compute_network.network",
            "random_string.random"
          ]
        }
      ]
    },
    {
      "module": "module.firewall.module.aaa_cluster_aaa",
      "mode": "managed",
      "type": "google_compute_firewall",
      "name": "internet_to_aaa_interface_aaa",
      "provider": "provider[\"registry.terraform.io/hashicorp/google\"]",
      "instances": [
        {
          "schema_version": 1,
          "attributes": {
            "allow": [
              {
                "ports": [
                  "22"
                ],
                "protocol": "tcp"
              }
            ],
            "creation_timestamp": "2022-09-09T13:49:45.487-07:00",
            "deny": [],
            "description": "",
            "destination_ranges": [],
            "direction": "INGRESS",
            "disabled": false,
            "enable_logging": null,
            "id": "projects/core-337701/global/firewalls/internet-to-bastion",
            "log_config": [],
            "name": "internet-to-bastion",
            "network": "https://www.googleapis.com/compute/v1/projects/core-337701/global/networks/aqahh7607-network",
            "priority": 1000,
            "project": "core-337701",
            "self_link": "https://www.googleapis.com/compute/v1/projects/core-337701/global/firewalls/internet-to-bastion",
            "source_ranges": [
              "0.0.0.0/0"
            ],
            "source_service_accounts": [],
            "source_tags": [],
            "target_service_accounts": [],
            "target_tags": [],
            "timeouts": null
          },
          "sensitive_attributes": [],
          "private": "eyJlMmJmYjczMC1lY2FhLTExZTYtOGY4OC0zNDM2M2JjN2M0YzAiOnsiY3JlYXRlIjoxMjAwMDAwMDAwMDAwLCJkZWxldGUiOjEyMDAwMDAwMDAwMDAsInVwZGF0ZSI6MTIwMDAwMDAwMDAwMH0sInNjaGVtYV92ZXJzaW9uIjoiMSJ9",
          "dependencies": [
            "module.aaa_cluster_aaa.google_compute_network.network",
            "random_string.random"
          ]
        }
      ]
    }
  ]
}
